<?xml version="1.0" encoding="utf-8"?>
<Project ToolsVersion="4.0" xmlns="http://schemas.microsoft.com/developer/msbuild/2003">
  <ItemGroup>
    <Filter Include="Source Files">
      <UniqueIdentifier>{4FC737F1-C7A5-4376-A066-2A32D752A2FF}</UniqueIdentifier>
      <Extensions>cpp;c;cc;cxx;def;odl;idl;hpj;bat;asm;asmx</Extensions>
    </Filter>
    <Filter Include="Header Files">
      <UniqueIdentifier>{93995380-89BD-4b04-88EB-625FBE52EBFB}</UniqueIdentifier>
      <Extensions>h;hpp;hxx;hm;inl;inc;xsd</Extensions>
    </Filter>
    <Filter Include="Resource Files">
      <UniqueIdentifier>{67DA6AB6-F800-4c08-8B7A-83BB121AAD01}</UniqueIdentifier>
      <Extensions>rc;ico;cur;bmp;dlg;rc2;rct;bin;rgs;gif;jpg;jpeg;jpe;resx;tiff;tif;png;wav</Extensions>
    </Filter>
  </ItemGroup>
  <ItemGroup>
    <ClCompile Include="AssemblerGenerator.cpp">
      <Filter>Source Files</Filter>
    </ClCompile>
    <ClCompile Include="BasicBlocks.cpp">
      <Filter>Source Files</Filter>
    </ClCompile>
    <ClCompile Include="Canon.cpp">
      <Filter>Source Files</Filter>
    </ClCompile>
    <ClCompile Include="Codegen.cpp">
      <Filter>Source Files</Filter>
    </ClCompile>
    <ClCompile Include="Frame.cpp">
      <Filter>Source Files</Filter>
    </ClCompile>
    <ClCompile Include="IntermediateTreePrinter.cpp">
      <Filter>Source Files</Filter>
    </ClCompile>
    <ClCompile Include="Lexical.cpp">
      <Filter>Source Files</Filter>
    </ClCompile>
    <ClCompile Include="main.cpp">
      <Filter>Source Files</Filter>
    </ClCompile>
    <ClCompile Include="PrettyPrintVisitor.cpp">
      <Filter>Source Files</Filter>
    </ClCompile>
    <ClCompile Include="SymbolTable.cpp">
      <Filter>Source Files</Filter>
    </ClCompile>
    <ClCompile Include="Syntax.cpp">
      <Filter>Source Files</Filter>
    </ClCompile>
    <ClCompile Include="Temp.cpp">
      <Filter>Source Files</Filter>
    </ClCompile>
    <ClCompile Include="TraceSchedule.cpp">
      <Filter>Source Files</Filter>
    </ClCompile>
    <ClCompile Include="Translator.cpp">
      <Filter>Source Files</Filter>
    </ClCompile>
    <ClCompile Include="TypeCheckerVisitor.cpp">
      <Filter>Source Files</Filter>
    </ClCompile>
  </ItemGroup>
  <ItemGroup>
    <ClInclude Include="AssemblerGenerator.h">
      <Filter>Header Files</Filter>
    </ClInclude>
    <ClInclude Include="BasicBlocks.h">
      <Filter>Header Files</Filter>
    </ClInclude>
    <ClInclude Include="Canon.h">
      <Filter>Header Files</Filter>
    </ClInclude>
    <ClInclude Include="Codegen.h">
      <Filter>Header Files</Filter>
    </ClInclude>
    <ClInclude Include="Frame.h">
      <Filter>Header Files</Filter>
    </ClInclude>
    <ClInclude Include="interface.h">
      <Filter>Header Files</Filter>
    </ClInclude>
    <ClInclude Include="IntermediateTreePrinter.h">
      <Filter>Header Files</Filter>
    </ClInclude>
    <ClInclude Include="PrettyPrintVisitor.h">
      <Filter>Header Files</Filter>
    </ClInclude>
    <ClInclude Include="SymbolTable.h">
      <Filter>Header Files</Filter>
    </ClInclude>
    <ClInclude Include="Syntax.hpp">
      <Filter>Header Files</Filter>
    </ClInclude>
    <ClInclude Include="Temp.h">
      <Filter>Header Files</Filter>
    </ClInclude>
    <ClInclude Include="TraceSchedule.h">
      <Filter>Header Files</Filter>
    </ClInclude>
    <ClInclude Include="Translator.h">
      <Filter>Header Files</Filter>
    </ClInclude>
    <ClInclude Include="Tree.h">
      <Filter>Header Files</Filter>
    </ClInclude>
    <ClInclude Include="TypeCheckerVisitor.h">
      <Filter>Header Files</Filter>
    </ClInclude>
  </ItemGroup>
  <ItemGroup>
    <None Include="quickSort.java">
      <Filter>Resource Files</Filter>
    </None>
    <None Include="test.java">
      <Filter>Resource Files</Filter>
    </None>
  </ItemGroup>
  <ItemGroup>
    <CustomBuild Include="lexical.txt">
      <Filter>Source Files</Filter>
    </CustomBuild>
    <CustomBuild Include="syntax.txt">
      <Filter>Source Files</Filter>
    </CustomBuild>
  </ItemGroup>
</Project>